
Microsoft Visual Studio Solution File, Format Version 11.00
# Visual Studio 2010
Project("{FAE04EC0-301F-11D3-BF4B-00C04F79EFBC}") = "ChatServerLibrary", "ChatServerLibrary\ChatServerLibrary.csproj", "{4F3B0E51-CEB7-4F3C-9E03-AAE02F7774B6}"
EndProject
Project("{FAE04EC0-301F-11D3-BF4B-00C04F79EFBC}") = "ChatHost", "ChatHost\ChatHost.csproj", "{307A5FB5-5648-4616-B90B-709C60F65087}"
EndProject
Project("{FAE04EC0-301F-11D3-BF4B-00C04F79EFBC}") = "ChatClient", "ChatClient\ChatClient.csproj", "{B8FC33A0-9B03-4A5A-89AF-E7A844F760A0}"
EndProject
Global
	GlobalSection(SolutionConfigurationPlatforms) = preSolution
		Debug|Any CPU = Debug|Any CPU
		Debug|Mixed Platforms = Debug|Mixed Platforms
		Debug|x86 = Debug|x86
		Release|Any CPU = Release|Any CPU
		Release|Mixed Platforms = Release|Mixed Platforms
		Release|x86 = Release|x86
	EndGlobalSection
	GlobalSection(ProjectConfigurationPlatforms) = postSolution
		{4F3B0E51-CEB7-4F3C-9E03-AAE02F7774B6}.Debug|Any CPU.ActiveCfg = Debug|Any CPU
		{4F3B0E51-CEB7-4F3C-9E03-AAE02F7774B6}.Debug|Any CPU.Build.0 = Debug|Any CPU
		{4F3B0E51-CEB7-4F3C-9E03-AAE02F7774B6}.Debug|Mixed Platforms.ActiveCfg = Debug|Any CPU
		{4F3B0E51-CEB7-4F3C-9E03-AAE02F7774B6}.Debug|Mixed Platforms.Build.0 = Debug|Any CPU
		{4F3B0E51-CEB7-4F3C-9E03-AAE02F7774B6}.Debug|x86.ActiveCfg = Debug|Any CPU
		{4F3B0E51-CEB7-4F3C-9E03-AAE02F7774B6}.Release|Any CPU.ActiveCfg = Release|Any CPU
		{4F3B0E51-CEB7-4F3C-9E03-AAE02F7774B6}.Release|Any CPU.Build.0 = Release|Any CPU
		{4F3B0E51-CEB7-4F3C-9E03-AAE02F7774B6}.Release|Mixed Platforms.ActiveCfg = Release|Any CPU
		{4F3B0E51-CEB7-4F3C-9E03-AAE02F7774B6}.Release|Mixed Platforms.Build.0 = Release|Any CPU
		{4F3B0E51-CEB7-4F3C-9E03-AAE02F7774B6}.Release|x86.ActiveCfg = Release|Any CPU
		{307A5FB5-5648-4616-B90B-709C60F65087}.Debug|Any CPU.ActiveCfg = Debug|x86
		{307A5FB5-5648-4616-B90B-709C60F65087}.Debug|Mixed Platforms.ActiveCfg = Debug|x86
		{307A5FB5-5648-4616-B90B-709C60F65087}.Debug|Mixed Platforms.Build.0 = Debug|x86
		{307A5FB5-5648-4616-B90B-709C60F65087}.Debug|x86.ActiveCfg = Debug|x86
		{307A5FB5-5648-4616-B90B-709C60F65087}.Debug|x86.Build.0 = Debug|x86
		{307A5FB5-5648-4616-B90B-709C60F65087}.Release|Any CPU.ActiveCfg = Release|x86
		{307A5FB5-5648-4616-B90B-709C60F65087}.Release|Mixed Platforms.ActiveCfg = Release|x86
		{307A5FB5-5648-4616-B90B-709C60F65087}.Release|Mixed Platforms.Build.0 = Release|x86
		{307A5FB5-5648-4616-B90B-709C60F65087}.Release|x86.ActiveCfg = Release|x86
		{307A5FB5-5648-4616-B90B-709C60F65087}.Release|x86.Build.0 = Release|x86
		{B8FC33A0-9B03-4A5A-89AF-E7A844F760A0}.Debug|Any CPU.ActiveCfg = Debug|x86
		{B8FC33A0-9B03-4A5A-89AF-E7A844F760A0}.Debug|Mixed Platforms.ActiveCfg = Debug|x86
		{B8FC33A0-9B03-4A5A-89AF-E7A844F760A0}.Debug|Mixed Platforms.Build.0 = Debug|x86
		{B8FC33A0-9B03-4A5A-89AF-E7A844F760A0}.Debug|x86.ActiveCfg = Debug|x86
		{B8FC33A0-9B03-4A5A-89AF-E7A844F760A0}.Debug|x86.Build.0 = Debug|x86
		{B8FC33A0-9B03-4A5A-89AF-E7A844F760A0}.Release|Any CPU.ActiveCfg = Release|x86
		{B8FC33A0-9B03-4A5A-89AF-E7A844F760A0}.Release|Mixed Platforms.ActiveCfg = Release|x86
		{B8FC33A0-9B03-4A5A-89AF-E7A844F760A0}.Release|Mixed Platforms.Build.0 = Release|x86
		{B8FC33A0-9B03-4A5A-89AF-E7A844F760A0}.Release|x86.ActiveCfg = Release|x86
		{B8FC33A0-9B03-4A5A-89AF-E7A844F760A0}.Release|x86.Build.0 = Release|x86
	EndGlobalSection
	GlobalSection(SolutionProperties) = preSolution
		HideSolutionNode = FALSE
	EndGlobalSection
EndGlobal
