
Microsoft Visual Studio Solution File, Format Version 11.00
# Visual Studio 2010
Project("{FAE04EC0-301F-11D3-BF4B-00C04F79EFBC}") = "MyServiceLibrary", "MyServiceLibrary\MyServiceLibrary.csproj", "{F9595D50-3A6A-43CA-A209-CCB7A2511DAE}"
EndProject
Project("{E24C65DC-7377-472B-9ABA-BC803B73C61A}") = "WCFTutorial_WebService", "..\..\WCFTutorial_WebService\", "{D0F366E0-D141-416C-8E82-66933DC4EA73}"
	ProjectSection(WebsiteProperties) = preProject
		TargetFrameworkMoniker = ".NETFramework,Version%3Dv4.0"
		ProjectReferences = "{F9595D50-3A6A-43CA-A209-CCB7A2511DAE}|MyServiceLibrary.dll;"
		Debug.AspNetCompiler.VirtualPath = "/WCFTutorial_WebService"
		Debug.AspNetCompiler.PhysicalPath = "..\..\WCFTutorial_WebService\"
		Debug.AspNetCompiler.TargetPath = "PrecompiledWeb\WCFTutorial_WebService\"
		Debug.AspNetCompiler.Updateable = "true"
		Debug.AspNetCompiler.ForceOverwrite = "true"
		Debug.AspNetCompiler.FixedNames = "false"
		Debug.AspNetCompiler.Debug = "True"
		Release.AspNetCompiler.VirtualPath = "/WCFTutorial_WebService"
		Release.AspNetCompiler.PhysicalPath = "..\..\WCFTutorial_WebService\"
		Release.AspNetCompiler.TargetPath = "PrecompiledWeb\WCFTutorial_WebService\"
		Release.AspNetCompiler.Updateable = "true"
		Release.AspNetCompiler.ForceOverwrite = "true"
		Release.AspNetCompiler.FixedNames = "false"
		Release.AspNetCompiler.Debug = "False"
		VWDPort = "56019"
		DefaultWebSiteLanguage = "Visual C#"
	EndProjectSection
EndProject
Project("{FAE04EC0-301F-11D3-BF4B-00C04F79EFBC}") = "DemoClient", "DemoClient\DemoClient.csproj", "{55140974-8DED-43B8-B6C1-8F78ABC23BA7}"
	ProjectSection(ProjectDependencies) = postProject
		{D0F366E0-D141-416C-8E82-66933DC4EA73} = {D0F366E0-D141-416C-8E82-66933DC4EA73}
	EndProjectSection
EndProject
Global
	GlobalSection(SolutionConfigurationPlatforms) = preSolution
		Debug|Any CPU = Debug|Any CPU
		Debug|Mixed Platforms = Debug|Mixed Platforms
		Debug|x86 = Debug|x86
		Release|Any CPU = Release|Any CPU
		Release|Mixed Platforms = Release|Mixed Platforms
		Release|x86 = Release|x86
	EndGlobalSection
	GlobalSection(ProjectConfigurationPlatforms) = postSolution
		{F9595D50-3A6A-43CA-A209-CCB7A2511DAE}.Debug|Any CPU.ActiveCfg = Debug|Any CPU
		{F9595D50-3A6A-43CA-A209-CCB7A2511DAE}.Debug|Any CPU.Build.0 = Debug|Any CPU
		{F9595D50-3A6A-43CA-A209-CCB7A2511DAE}.Debug|Mixed Platforms.ActiveCfg = Debug|Any CPU
		{F9595D50-3A6A-43CA-A209-CCB7A2511DAE}.Debug|Mixed Platforms.Build.0 = Debug|Any CPU
		{F9595D50-3A6A-43CA-A209-CCB7A2511DAE}.Debug|x86.ActiveCfg = Debug|Any CPU
		{F9595D50-3A6A-43CA-A209-CCB7A2511DAE}.Release|Any CPU.ActiveCfg = Release|Any CPU
		{F9595D50-3A6A-43CA-A209-CCB7A2511DAE}.Release|Any CPU.Build.0 = Release|Any CPU
		{F9595D50-3A6A-43CA-A209-CCB7A2511DAE}.Release|Mixed Platforms.ActiveCfg = Release|Any CPU
		{F9595D50-3A6A-43CA-A209-CCB7A2511DAE}.Release|Mixed Platforms.Build.0 = Release|Any CPU
		{F9595D50-3A6A-43CA-A209-CCB7A2511DAE}.Release|x86.ActiveCfg = Release|Any CPU
		{D0F366E0-D141-416C-8E82-66933DC4EA73}.Debug|Any CPU.ActiveCfg = Debug|Any CPU
		{D0F366E0-D141-416C-8E82-66933DC4EA73}.Debug|Any CPU.Build.0 = Debug|Any CPU
		{D0F366E0-D141-416C-8E82-66933DC4EA73}.Debug|Mixed Platforms.ActiveCfg = Debug|Any CPU
		{D0F366E0-D141-416C-8E82-66933DC4EA73}.Debug|Mixed Platforms.Build.0 = Debug|Any CPU
		{D0F366E0-D141-416C-8E82-66933DC4EA73}.Debug|x86.ActiveCfg = Debug|Any CPU
		{D0F366E0-D141-416C-8E82-66933DC4EA73}.Release|Any CPU.ActiveCfg = Debug|Any CPU
		{D0F366E0-D141-416C-8E82-66933DC4EA73}.Release|Any CPU.Build.0 = Debug|Any CPU
		{D0F366E0-D141-416C-8E82-66933DC4EA73}.Release|Mixed Platforms.ActiveCfg = Debug|Any CPU
		{D0F366E0-D141-416C-8E82-66933DC4EA73}.Release|Mixed Platforms.Build.0 = Debug|Any CPU
		{D0F366E0-D141-416C-8E82-66933DC4EA73}.Release|x86.ActiveCfg = Debug|Any CPU
		{55140974-8DED-43B8-B6C1-8F78ABC23BA7}.Debug|Any CPU.ActiveCfg = Debug|x86
		{55140974-8DED-43B8-B6C1-8F78ABC23BA7}.Debug|Mixed Platforms.ActiveCfg = Debug|x86
		{55140974-8DED-43B8-B6C1-8F78ABC23BA7}.Debug|Mixed Platforms.Build.0 = Debug|x86
		{55140974-8DED-43B8-B6C1-8F78ABC23BA7}.Debug|x86.ActiveCfg = Debug|x86
		{55140974-8DED-43B8-B6C1-8F78ABC23BA7}.Debug|x86.Build.0 = Debug|x86
		{55140974-8DED-43B8-B6C1-8F78ABC23BA7}.Release|Any CPU.ActiveCfg = Release|x86
		{55140974-8DED-43B8-B6C1-8F78ABC23BA7}.Release|Mixed Platforms.ActiveCfg = Release|x86
		{55140974-8DED-43B8-B6C1-8F78ABC23BA7}.Release|Mixed Platforms.Build.0 = Release|x86
		{55140974-8DED-43B8-B6C1-8F78ABC23BA7}.Release|x86.ActiveCfg = Release|x86
		{55140974-8DED-43B8-B6C1-8F78ABC23BA7}.Release|x86.Build.0 = Release|x86
	EndGlobalSection
	GlobalSection(SolutionProperties) = preSolution
		HideSolutionNode = FALSE
	EndGlobalSection
EndGlobal
